
Microsoft Visual Studio Solution File, Format Version 9.00
# Visual Studio 2005
Project("{8BC9CEB8-8B4A-11D0-8D11-00A0C91BC942}") = "all_events", "all_events.vcproj", "{9F7A054E-C78F-4F30-8BB2-0906DCDE4DFA}"
EndProject
Project("{8BC9CEB8-8B4A-11D0-8D11-00A0C91BC942}") = "avail", "avail.vcproj", "{912715C1-3842-476F-9A81-0B803BCD0269}"
EndProject
Project("{8BC9CEB8-8B4A-11D0-8D11-00A0C91BC942}") = "branches", "branches.vcproj", "{E4972E4E-38D3-45B4-8277-55AEC37D18A6}"
EndProject
Project("{8BC9CEB8-8B4A-11D0-8D11-00A0C91BC942}") = "calibrate", "calibrate.vcproj", "{9428880A-7571-4CE3-BEBB-0836616CC5F1}"
EndProject
Project("{8BC9CEB8-8B4A-11D0-8D11-00A0C91BC942}") = "case1", "case1.vcproj", "{3B30FF66-240F-4C51-93FE-E51782532E90}"
EndProject
Project("{8BC9CEB8-8B4A-11D0-8D11-00A0C91BC942}") = "case2", "case2.vcproj", "{5B0C15F6-AFA2-4BAF-A177-B93489EA5F5F}"
EndProject
Project("{8BC9CEB8-8B4A-11D0-8D11-00A0C91BC942}") = "clockres", "clockres.vcproj", "{715DAFA9-4D7C-493C-8EC9-08AE48D7165E}"
EndProject
Project("{8BC9CEB8-8B4A-11D0-8D11-00A0C91BC942}") = "cost", "cost.vcproj", "{0A4201DE-2404-4CB3-9FCB-F175C14D5DA4}"
EndProject
Project("{8BC9CEB8-8B4A-11D0-8D11-00A0C91BC942}") = "derived", "derived.vcproj", "{200B7C14-B829-4F4F-91F3-6CB90176429F}"
EndProject
Project("{8BC9CEB8-8B4A-11D0-8D11-00A0C91BC942}") = "describe", "describe.vcproj", "{E2A7E138-2120-4F06-BA00-AC61425B6023}"
EndProject
Project("{8BC9CEB8-8B4A-11D0-8D11-00A0C91BC942}") = "dmem_info", "dmem_info.vcproj", "{37C20FED-DF6B-4C2F-8F5E-5AFBD78A75AE}"
EndProject
Project("{8BC9CEB8-8B4A-11D0-8D11-00A0C91BC942}") = "eventname", "eventname.vcproj", "{00CE4F3E-6179-4686-8926-196CFEEA4D4A}"
EndProject
Project("{8BC9CEB8-8B4A-11D0-8D11-00A0C91BC942}") = "first", "first.vcproj", "{E5B9FF39-BE15-4B61-98B0-844335C29F5D}"
EndProject
Project("{8BC9CEB8-8B4A-11D0-8D11-00A0C91BC942}") = "flops", "flops.vcproj", "{A489779B-EA65-4073-BBE4-7F9C8DE4C9D7}"
EndProject
Project("{8BC9CEB8-8B4A-11D0-8D11-00A0C91BC942}") = "high_level", "high_level.vcproj", "{68F511EA-14D0-4800-85C1-9EC34C8268DA}"
EndProject
Project("{8BC9CEB8-8B4A-11D0-8D11-00A0C91BC942}") = "highlevel2", "highlevel2.vcproj", "{197602BD-8CFD-4D5A-A619-47D899AA5D72}"
EndProject
Project("{8BC9CEB8-8B4A-11D0-8D11-00A0C91BC942}") = "ipc", "ipc.vcproj", "{ECDBF1D5-ED28-4552-889F-E4928B83B6DF}"
EndProject
Project("{8BC9CEB8-8B4A-11D0-8D11-00A0C91BC942}") = "johnmay2", "johnmay2.vcproj", "{2F0E5E09-824B-435E-987A-B81F996906FC}"
EndProject
Project("{8BC9CEB8-8B4A-11D0-8D11-00A0C91BC942}") = "low_level", "low_level.vcproj", "{D198CA7C-2BE5-498B-9559-C17B99DC6BF1}"
EndProject
Project("{8BC9CEB8-8B4A-11D0-8D11-00A0C91BC942}") = "matrix_hl", "matrix_hl.vcproj", "{83DF1112-B397-4F8D-8820-B009732B2A08}"
EndProject
Project("{8BC9CEB8-8B4A-11D0-8D11-00A0C91BC942}") = "mem_info", "mem_info.vcproj", "{C54841F8-381C-4358-9F05-8F60C96858F6}"
EndProject
Project("{8BC9CEB8-8B4A-11D0-8D11-00A0C91BC942}") = "memory", "memory.vcproj", "{B5727EB0-52E9-4AEA-8975-FFFBA63EECAA}"
EndProject
Project("{8BC9CEB8-8B4A-11D0-8D11-00A0C91BC942}") = "mendes_alt", "mendes_alt.vcproj", "{CCEBF82F-959D-4D07-9F4B-8B0D0DB3A9FC}"
EndProject
Project("{8BC9CEB8-8B4A-11D0-8D11-00A0C91BC942}") = "multiplex1", "multiplex1.vcproj", "{367C733C-9C56-4D8D-A62A-C670FBA65562}"
EndProject
Project("{8BC9CEB8-8B4A-11D0-8D11-00A0C91BC942}") = "native", "native.vcproj", "{FF84D732-D8CE-4FFE-A5A3-521A6A23933D}"
EndProject
Project("{8BC9CEB8-8B4A-11D0-8D11-00A0C91BC942}") = "native_avail", "native_avail.vcproj", "{E1D70C14-62DC-4990-9E24-723DB3290EA1}"
EndProject
Project("{8BC9CEB8-8B4A-11D0-8D11-00A0C91BC942}") = "overflow", "overflow.vcproj", "{7A0D6790-7648-4306-965F-E321138E0BA7}"
EndProject
Project("{8BC9CEB8-8B4A-11D0-8D11-00A0C91BC942}") = "overflow2", "overflow2.vcproj", "{B0650800-0674-43D2-8D61-39DE4AB39EEF}"
EndProject
Project("{8BC9CEB8-8B4A-11D0-8D11-00A0C91BC942}") = "overflow_single_event", "overflow_single_event.vcproj", "{E5D1839F-F600-471D-BE5C-1380790ED166}"
EndProject
Project("{8BC9CEB8-8B4A-11D0-8D11-00A0C91BC942}") = "overflow_twoevents", "overflow_twoevents.vcproj", "{1F125804-BFA3-40FE-A008-7F2AA7593858}"
EndProject
Project("{8BC9CEB8-8B4A-11D0-8D11-00A0C91BC942}") = "sdsc", "sdsc.vcproj", "{1122551A-2C02-4AEC-ABEB-7F20A9720173}"
EndProject
Project("{8BC9CEB8-8B4A-11D0-8D11-00A0C91BC942}") = "sdsc2", "sdsc2.vcproj", "{67930FFD-BBF1-4999-A6C7-7133CEB8B69D}"
EndProject
Project("{8BC9CEB8-8B4A-11D0-8D11-00A0C91BC942}") = "second", "second.vcproj", "{2D1ED83B-4631-40A1-8296-530DE3406A8F}"
EndProject
Project("{8BC9CEB8-8B4A-11D0-8D11-00A0C91BC942}") = "tenth", "tenth.vcproj", "{D5AB5D72-F77C-4B2F-A913-213E7DA49FC6}"
EndProject
Project("{8BC9CEB8-8B4A-11D0-8D11-00A0C91BC942}") = "zero", "zero.vcproj", "{E140AD2E-17FB-44FD-B2FC-D439E3F42E82}"
EndProject
Project("{8BC9CEB8-8B4A-11D0-8D11-00A0C91BC942}") = "zero_flip", "zero_flip.vcproj", "{C8E52996-DF49-4CCD-BCB3-7F3A6EC59D7D}"
EndProject
Global
	GlobalSection(SolutionConfigurationPlatforms) = preSolution
		Debug|Win32 = Debug|Win32
		Release|Win32 = Release|Win32
	EndGlobalSection
	GlobalSection(ProjectConfigurationPlatforms) = postSolution
		{9F7A054E-C78F-4F30-8BB2-0906DCDE4DFA}.Debug|Win32.ActiveCfg = Debug|Win32
		{9F7A054E-C78F-4F30-8BB2-0906DCDE4DFA}.Debug|Win32.Build.0 = Debug|Win32
		{9F7A054E-C78F-4F30-8BB2-0906DCDE4DFA}.Release|Win32.ActiveCfg = Release|Win32
		{9F7A054E-C78F-4F30-8BB2-0906DCDE4DFA}.Release|Win32.Build.0 = Release|Win32
		{912715C1-3842-476F-9A81-0B803BCD0269}.Debug|Win32.ActiveCfg = Debug|Win32
		{912715C1-3842-476F-9A81-0B803BCD0269}.Debug|Win32.Build.0 = Debug|Win32
		{912715C1-3842-476F-9A81-0B803BCD0269}.Release|Win32.ActiveCfg = Release|Win32
		{912715C1-3842-476F-9A81-0B803BCD0269}.Release|Win32.Build.0 = Release|Win32
		{E4972E4E-38D3-45B4-8277-55AEC37D18A6}.Debug|Win32.ActiveCfg = Debug|Win32
		{E4972E4E-38D3-45B4-8277-55AEC37D18A6}.Debug|Win32.Build.0 = Debug|Win32
		{E4972E4E-38D3-45B4-8277-55AEC37D18A6}.Release|Win32.ActiveCfg = Release|Win32
		{E4972E4E-38D3-45B4-8277-55AEC37D18A6}.Release|Win32.Build.0 = Release|Win32
		{9428880A-7571-4CE3-BEBB-0836616CC5F1}.Debug|Win32.ActiveCfg = Debug|Win32
		{9428880A-7571-4CE3-BEBB-0836616CC5F1}.Debug|Win32.Build.0 = Debug|Win32
		{9428880A-7571-4CE3-BEBB-0836616CC5F1}.Release|Win32.ActiveCfg = Release|Win32
		{9428880A-7571-4CE3-BEBB-0836616CC5F1}.Release|Win32.Build.0 = Release|Win32
		{3B30FF66-240F-4C51-93FE-E51782532E90}.Debug|Win32.ActiveCfg = Debug|Win32
		{3B30FF66-240F-4C51-93FE-E51782532E90}.Debug|Win32.Build.0 = Debug|Win32
		{3B30FF66-240F-4C51-93FE-E51782532E90}.Release|Win32.ActiveCfg = Release|Win32
		{3B30FF66-240F-4C51-93FE-E51782532E90}.Release|Win32.Build.0 = Release|Win32
		{5B0C15F6-AFA2-4BAF-A177-B93489EA5F5F}.Debug|Win32.ActiveCfg = Debug|Win32
		{5B0C15F6-AFA2-4BAF-A177-B93489EA5F5F}.Debug|Win32.Build.0 = Debug|Win32
		{5B0C15F6-AFA2-4BAF-A177-B93489EA5F5F}.Release|Win32.ActiveCfg = Release|Win32
		{5B0C15F6-AFA2-4BAF-A177-B93489EA5F5F}.Release|Win32.Build.0 = Release|Win32
		{715DAFA9-4D7C-493C-8EC9-08AE48D7165E}.Debug|Win32.ActiveCfg = Debug|Win32
		{715DAFA9-4D7C-493C-8EC9-08AE48D7165E}.Debug|Win32.Build.0 = Debug|Win32
		{715DAFA9-4D7C-493C-8EC9-08AE48D7165E}.Release|Win32.ActiveCfg = Release|Win32
		{715DAFA9-4D7C-493C-8EC9-08AE48D7165E}.Release|Win32.Build.0 = Release|Win32
		{0A4201DE-2404-4CB3-9FCB-F175C14D5DA4}.Debug|Win32.ActiveCfg = Debug|Win32
		{0A4201DE-2404-4CB3-9FCB-F175C14D5DA4}.Debug|Win32.Build.0 = Debug|Win32
		{0A4201DE-2404-4CB3-9FCB-F175C14D5DA4}.Release|Win32.ActiveCfg = Release|Win32
		{0A4201DE-2404-4CB3-9FCB-F175C14D5DA4}.Release|Win32.Build.0 = Release|Win32
		{200B7C14-B829-4F4F-91F3-6CB90176429F}.Debug|Win32.ActiveCfg = Debug|Win32
		{200B7C14-B829-4F4F-91F3-6CB90176429F}.Debug|Win32.Build.0 = Debug|Win32
		{200B7C14-B829-4F4F-91F3-6CB90176429F}.Release|Win32.ActiveCfg = Release|Win32
		{200B7C14-B829-4F4F-91F3-6CB90176429F}.Release|Win32.Build.0 = Release|Win32
		{E2A7E138-2120-4F06-BA00-AC61425B6023}.Debug|Win32.ActiveCfg = Debug|Win32
		{E2A7E138-2120-4F06-BA00-AC61425B6023}.Debug|Win32.Build.0 = Debug|Win32
		{E2A7E138-2120-4F06-BA00-AC61425B6023}.Release|Win32.ActiveCfg = Release|Win32
		{E2A7E138-2120-4F06-BA00-AC61425B6023}.Release|Win32.Build.0 = Release|Win32
		{37C20FED-DF6B-4C2F-8F5E-5AFBD78A75AE}.Debug|Win32.ActiveCfg = Debug|Win32
		{37C20FED-DF6B-4C2F-8F5E-5AFBD78A75AE}.Debug|Win32.Build.0 = Debug|Win32
		{37C20FED-DF6B-4C2F-8F5E-5AFBD78A75AE}.Release|Win32.ActiveCfg = Release|Win32
		{37C20FED-DF6B-4C2F-8F5E-5AFBD78A75AE}.Release|Win32.Build.0 = Release|Win32
		{00CE4F3E-6179-4686-8926-196CFEEA4D4A}.Debug|Win32.ActiveCfg = Debug|Win32
		{00CE4F3E-6179-4686-8926-196CFEEA4D4A}.Debug|Win32.Build.0 = Debug|Win32
		{00CE4F3E-6179-4686-8926-196CFEEA4D4A}.Release|Win32.ActiveCfg = Release|Win32
		{00CE4F3E-6179-4686-8926-196CFEEA4D4A}.Release|Win32.Build.0 = Release|Win32
		{E5B9FF39-BE15-4B61-98B0-844335C29F5D}.Debug|Win32.ActiveCfg = Debug|Win32
		{E5B9FF39-BE15-4B61-98B0-844335C29F5D}.Debug|Win32.Build.0 = Debug|Win32
		{E5B9FF39-BE15-4B61-98B0-844335C29F5D}.Release|Win32.ActiveCfg = Release|Win32
		{E5B9FF39-BE15-4B61-98B0-844335C29F5D}.Release|Win32.Build.0 = Release|Win32
		{A489779B-EA65-4073-BBE4-7F9C8DE4C9D7}.Debug|Win32.ActiveCfg = Debug|Win32
		{A489779B-EA65-4073-BBE4-7F9C8DE4C9D7}.Debug|Win32.Build.0 = Debug|Win32
		{A489779B-EA65-4073-BBE4-7F9C8DE4C9D7}.Release|Win32.ActiveCfg = Release|Win32
		{A489779B-EA65-4073-BBE4-7F9C8DE4C9D7}.Release|Win32.Build.0 = Release|Win32
		{68F511EA-14D0-4800-85C1-9EC34C8268DA}.Debug|Win32.ActiveCfg = Debug|Win32
		{68F511EA-14D0-4800-85C1-9EC34C8268DA}.Debug|Win32.Build.0 = Debug|Win32
		{68F511EA-14D0-4800-85C1-9EC34C8268DA}.Release|Win32.ActiveCfg = Release|Win32
		{68F511EA-14D0-4800-85C1-9EC34C8268DA}.Release|Win32.Build.0 = Release|Win32
		{197602BD-8CFD-4D5A-A619-47D899AA5D72}.Debug|Win32.ActiveCfg = Debug|Win32
		{197602BD-8CFD-4D5A-A619-47D899AA5D72}.Debug|Win32.Build.0 = Debug|Win32
		{197602BD-8CFD-4D5A-A619-47D899AA5D72}.Release|Win32.ActiveCfg = Release|Win32
		{197602BD-8CFD-4D5A-A619-47D899AA5D72}.Release|Win32.Build.0 = Release|Win32
		{ECDBF1D5-ED28-4552-889F-E4928B83B6DF}.Debug|Win32.ActiveCfg = Debug|Win32
		{ECDBF1D5-ED28-4552-889F-E4928B83B6DF}.Debug|Win32.Build.0 = Debug|Win32
		{ECDBF1D5-ED28-4552-889F-E4928B83B6DF}.Release|Win32.ActiveCfg = Release|Win32
		{ECDBF1D5-ED28-4552-889F-E4928B83B6DF}.Release|Win32.Build.0 = Release|Win32
		{2F0E5E09-824B-435E-987A-B81F996906FC}.Debug|Win32.ActiveCfg = Debug|Win32
		{2F0E5E09-824B-435E-987A-B81F996906FC}.Debug|Win32.Build.0 = Debug|Win32
		{2F0E5E09-824B-435E-987A-B81F996906FC}.Release|Win32.ActiveCfg = Release|Win32
		{2F0E5E09-824B-435E-987A-B81F996906FC}.Release|Win32.Build.0 = Release|Win32
		{D198CA7C-2BE5-498B-9559-C17B99DC6BF1}.Debug|Win32.ActiveCfg = Debug|Win32
		{D198CA7C-2BE5-498B-9559-C17B99DC6BF1}.Debug|Win32.Build.0 = Debug|Win32
		{D198CA7C-2BE5-498B-9559-C17B99DC6BF1}.Release|Win32.ActiveCfg = Release|Win32
		{D198CA7C-2BE5-498B-9559-C17B99DC6BF1}.Release|Win32.Build.0 = Release|Win32
		{83DF1112-B397-4F8D-8820-B009732B2A08}.Debug|Win32.ActiveCfg = Debug|Win32
		{83DF1112-B397-4F8D-8820-B009732B2A08}.Debug|Win32.Build.0 = Debug|Win32
		{83DF1112-B397-4F8D-8820-B009732B2A08}.Release|Win32.ActiveCfg = Release|Win32
		{83DF1112-B397-4F8D-8820-B009732B2A08}.Release|Win32.Build.0 = Release|Win32
		{C54841F8-381C-4358-9F05-8F60C96858F6}.Debug|Win32.ActiveCfg = Debug|Win32
		{C54841F8-381C-4358-9F05-8F60C96858F6}.Debug|Win32.Build.0 = Debug|Win32
		{C54841F8-381C-4358-9F05-8F60C96858F6}.Release|Win32.ActiveCfg = Release|Win32
		{C54841F8-381C-4358-9F05-8F60C96858F6}.Release|Win32.Build.0 = Release|Win32
		{B5727EB0-52E9-4AEA-8975-FFFBA63EECAA}.Debug|Win32.ActiveCfg = Debug|Win32
		{B5727EB0-52E9-4AEA-8975-FFFBA63EECAA}.Debug|Win32.Build.0 = Debug|Win32
		{B5727EB0-52E9-4AEA-8975-FFFBA63EECAA}.Release|Win32.ActiveCfg = Release|Win32
		{B5727EB0-52E9-4AEA-8975-FFFBA63EECAA}.Release|Win32.Build.0 = Release|Win32
		{CCEBF82F-959D-4D07-9F4B-8B0D0DB3A9FC}.Debug|Win32.ActiveCfg = Debug|Win32
		{CCEBF82F-959D-4D07-9F4B-8B0D0DB3A9FC}.Debug|Win32.Build.0 = Debug|Win32
		{CCEBF82F-959D-4D07-9F4B-8B0D0DB3A9FC}.Release|Win32.ActiveCfg = Release|Win32
		{CCEBF82F-959D-4D07-9F4B-8B0D0DB3A9FC}.Release|Win32.Build.0 = Release|Win32
		{367C733C-9C56-4D8D-A62A-C670FBA65562}.Debug|Win32.ActiveCfg = Debug|Win32
		{367C733C-9C56-4D8D-A62A-C670FBA65562}.Debug|Win32.Build.0 = Debug|Win32
		{367C733C-9C56-4D8D-A62A-C670FBA65562}.Release|Win32.ActiveCfg = Release|Win32
		{367C733C-9C56-4D8D-A62A-C670FBA65562}.Release|Win32.Build.0 = Release|Win32
		{FF84D732-D8CE-4FFE-A5A3-521A6A23933D}.Debug|Win32.ActiveCfg = Debug|Win32
		{FF84D732-D8CE-4FFE-A5A3-521A6A23933D}.Debug|Win32.Build.0 = Debug|Win32
		{FF84D732-D8CE-4FFE-A5A3-521A6A23933D}.Release|Win32.ActiveCfg = Release|Win32
		{FF84D732-D8CE-4FFE-A5A3-521A6A23933D}.Release|Win32.Build.0 = Release|Win32
		{E1D70C14-62DC-4990-9E24-723DB3290EA1}.Debug|Win32.ActiveCfg = Debug|Win32
		{E1D70C14-62DC-4990-9E24-723DB3290EA1}.Debug|Win32.Build.0 = Debug|Win32
		{E1D70C14-62DC-4990-9E24-723DB3290EA1}.Release|Win32.ActiveCfg = Release|Win32
		{E1D70C14-62DC-4990-9E24-723DB3290EA1}.Release|Win32.Build.0 = Release|Win32
		{7A0D6790-7648-4306-965F-E321138E0BA7}.Debug|Win32.ActiveCfg = Debug|Win32
		{7A0D6790-7648-4306-965F-E321138E0BA7}.Debug|Win32.Build.0 = Debug|Win32
		{7A0D6790-7648-4306-965F-E321138E0BA7}.Release|Win32.ActiveCfg = Release|Win32
		{7A0D6790-7648-4306-965F-E321138E0BA7}.Release|Win32.Build.0 = Release|Win32
		{B0650800-0674-43D2-8D61-39DE4AB39EEF}.Debug|Win32.ActiveCfg = Debug|Win32
		{B0650800-0674-43D2-8D61-39DE4AB39EEF}.Debug|Win32.Build.0 = Debug|Win32
		{B0650800-0674-43D2-8D61-39DE4AB39EEF}.Release|Win32.ActiveCfg = Release|Win32
		{B0650800-0674-43D2-8D61-39DE4AB39EEF}.Release|Win32.Build.0 = Release|Win32
		{E5D1839F-F600-471D-BE5C-1380790ED166}.Debug|Win32.ActiveCfg = Debug|Win32
		{E5D1839F-F600-471D-BE5C-1380790ED166}.Debug|Win32.Build.0 = Debug|Win32
		{E5D1839F-F600-471D-BE5C-1380790ED166}.Release|Win32.ActiveCfg = Release|Win32
		{E5D1839F-F600-471D-BE5C-1380790ED166}.Release|Win32.Build.0 = Release|Win32
		{1F125804-BFA3-40FE-A008-7F2AA7593858}.Debug|Win32.ActiveCfg = Debug|Win32
		{1F125804-BFA3-40FE-A008-7F2AA7593858}.Debug|Win32.Build.0 = Debug|Win32
		{1F125804-BFA3-40FE-A008-7F2AA7593858}.Release|Win32.ActiveCfg = Release|Win32
		{1F125804-BFA3-40FE-A008-7F2AA7593858}.Release|Win32.Build.0 = Release|Win32
		{1122551A-2C02-4AEC-ABEB-7F20A9720173}.Debug|Win32.ActiveCfg = Debug|Win32
		{1122551A-2C02-4AEC-ABEB-7F20A9720173}.Debug|Win32.Build.0 = Debug|Win32
		{1122551A-2C02-4AEC-ABEB-7F20A9720173}.Release|Win32.ActiveCfg = Release|Win32
		{1122551A-2C02-4AEC-ABEB-7F20A9720173}.Release|Win32.Build.0 = Release|Win32
		{67930FFD-BBF1-4999-A6C7-7133CEB8B69D}.Debug|Win32.ActiveCfg = Debug|Win32
		{67930FFD-BBF1-4999-A6C7-7133CEB8B69D}.Debug|Win32.Build.0 = Debug|Win32
		{67930FFD-BBF1-4999-A6C7-7133CEB8B69D}.Release|Win32.ActiveCfg = Release|Win32
		{67930FFD-BBF1-4999-A6C7-7133CEB8B69D}.Release|Win32.Build.0 = Release|Win32
		{2D1ED83B-4631-40A1-8296-530DE3406A8F}.Debug|Win32.ActiveCfg = Debug|Win32
		{2D1ED83B-4631-40A1-8296-530DE3406A8F}.Debug|Win32.Build.0 = Debug|Win32
		{2D1ED83B-4631-40A1-8296-530DE3406A8F}.Release|Win32.ActiveCfg = Release|Win32
		{2D1ED83B-4631-40A1-8296-530DE3406A8F}.Release|Win32.Build.0 = Release|Win32
		{D5AB5D72-F77C-4B2F-A913-213E7DA49FC6}.Debug|Win32.ActiveCfg = Debug|Win32
		{D5AB5D72-F77C-4B2F-A913-213E7DA49FC6}.Debug|Win32.Build.0 = Debug|Win32
		{D5AB5D72-F77C-4B2F-A913-213E7DA49FC6}.Release|Win32.ActiveCfg = Release|Win32
		{D5AB5D72-F77C-4B2F-A913-213E7DA49FC6}.Release|Win32.Build.0 = Release|Win32
		{E140AD2E-17FB-44FD-B2FC-D439E3F42E82}.Debug|Win32.ActiveCfg = Debug|Win32
		{E140AD2E-17FB-44FD-B2FC-D439E3F42E82}.Debug|Win32.Build.0 = Debug|Win32
		{E140AD2E-17FB-44FD-B2FC-D439E3F42E82}.Release|Win32.ActiveCfg = Release|Win32
		{E140AD2E-17FB-44FD-B2FC-D439E3F42E82}.Release|Win32.Build.0 = Release|Win32
		{C8E52996-DF49-4CCD-BCB3-7F3A6EC59D7D}.Debug|Win32.ActiveCfg = Debug|Win32
		{C8E52996-DF49-4CCD-BCB3-7F3A6EC59D7D}.Debug|Win32.Build.0 = Debug|Win32
		{C8E52996-DF49-4CCD-BCB3-7F3A6EC59D7D}.Release|Win32.ActiveCfg = Release|Win32
		{C8E52996-DF49-4CCD-BCB3-7F3A6EC59D7D}.Release|Win32.Build.0 = Release|Win32
	EndGlobalSection
	GlobalSection(SolutionProperties) = preSolution
		HideSolutionNode = FALSE
	EndGlobalSection
EndGlobal
